
Microsoft Visual Studio Solution File, Format Version 12.00
# Visual Studio Version 16
VisualStudioVersion = 16.0.30907.101
MinimumVisualStudioVersion = 10.0.40219.1
Project("{FAE04EC0-301F-11D3-BF4B-00C04F79EFBC}") = "PortfolioNick", "PortfolioNick\PortfolioNick.csproj", "{CF50F54E-E2A0-4213-9703-53BA891436AE}"
EndProject
Global
	GlobalSection(SolutionConfigurationPlatforms) = preSolution
		Debug|Any CPU = Debug|Any CPU
		Release|Any CPU = Release|Any CPU
	EndGlobalSection
	GlobalSection(ProjectConfigurationPlatforms) = postSolution
		{CF50F54E-E2A0-4213-9703-53BA891436AE}.Debug|Any CPU.ActiveCfg = Debug|Any CPU
		{CF50F54E-E2A0-4213-9703-53BA891436AE}.Debug|Any CPU.Build.0 = Debug|Any CPU
		{CF50F54E-E2A0-4213-9703-53BA891436AE}.Release|Any CPU.ActiveCfg = Release|Any CPU
		{CF50F54E-E2A0-4213-9703-53BA891436AE}.Release|Any CPU.Build.0 = Release|Any CPU
	EndGlobalSection
	GlobalSection(SolutionProperties) = preSolution
		HideSolutionNode = FALSE
	EndGlobalSection
	GlobalSection(ExtensibilityGlobals) = postSolution
		SolutionGuid = {9A4D71AC-237C-43C6-B640-6ABD82868BEF}
	EndGlobalSection
EndGlobal
